// !$*UTF8*$!
{
	archiveVersion = 1;
	classes = {
	};
	objectVersion = 55;
	objects = {

/* Begin PBXBuildFile section */
		F172313D27ED21CD005ABEC6 /* SearchBar.swift in Sources */ = {isa = PBXBuildFile; fileRef = F172313C27ED21CD005ABEC6 /* SearchBar.swift */; };
		F1815B5E27EFAAE6001466B2 /* CalendarWeekView.swift in Sources */ = {isa = PBXBuildFile; fileRef = F1815B5D27EFAAE6001466B2 /* CalendarWeekView.swift */; };
		F1815B6027EFB5B9001466B2 /* ItinerayView.swift in Sources */ = {isa = PBXBuildFile; fileRef = F1815B5F27EFB5B9001466B2 /* ItinerayView.swift */; };
		F1883A5227F0C0A700A23CE9 /* MapViewModel.swift in Sources */ = {isa = PBXBuildFile; fileRef = F1883A5127F0C0A700A23CE9 /* MapViewModel.swift */; };
		F1A37D9B27EE64500013C53D /* ItineraryScreen.swift in Sources */ = {isa = PBXBuildFile; fileRef = F1A37D9A27EE64500013C53D /* ItineraryScreen.swift */; };
		F1A37D9D27EE64830013C53D /* MapScreen.swift in Sources */ = {isa = PBXBuildFile; fileRef = F1A37D9C27EE64830013C53D /* MapScreen.swift */; };
		F1A37D9F27EE64C80013C53D /* FavoriteScreen.swift in Sources */ = {isa = PBXBuildFile; fileRef = F1A37D9E27EE64C80013C53D /* FavoriteScreen.swift */; };
		F1A990C027EF79290015F795 /* StoryView.swift in Sources */ = {isa = PBXBuildFile; fileRef = F1A990BF27EF79290015F795 /* StoryView.swift */; };
		F1A990C227EF8A2C0015F795 /* CardPopularView.swift in Sources */ = {isa = PBXBuildFile; fileRef = F1A990C127EF8A2C0015F795 /* CardPopularView.swift */; };
		F1BB06C127E90E3400354182 /* ReLocalApp.swift in Sources */ = {isa = PBXBuildFile; fileRef = F1BB06C027E90E3400354182 /* ReLocalApp.swift */; };
		F1BB06C527E90E3700354182 /* Assets.xcassets in Resources */ = {isa = PBXBuildFile; fileRef = F1BB06C427E90E3700354182 /* Assets.xcassets */; };
		F1BB06C827E90E3700354182 /* Preview Assets.xcassets in Resources */ = {isa = PBXBuildFile; fileRef = F1BB06C727E90E3700354182 /* Preview Assets.xcassets */; };
		F1BB06D227E91A6800354182 /* SplashScreen.swift in Sources */ = {isa = PBXBuildFile; fileRef = F1BB06D127E91A6700354182 /* SplashScreen.swift */; };
		F1BB06D427E9215B00354182 /* MainTabView.swift in Sources */ = {isa = PBXBuildFile; fileRef = F1BB06D327E9215B00354182 /* MainTabView.swift */; };
		F1BB06D927E9243100354182 /* HomeView.swift in Sources */ = {isa = PBXBuildFile; fileRef = F1BB06D827E9243100354182 /* HomeView.swift */; };
		F1D9D8F427EA666900EE8CCF /* OnboardScreen.swift in Sources */ = {isa = PBXBuildFile; fileRef = F1D9D8F327EA666900EE8CCF /* OnboardScreen.swift */; };
		F1D9D8F627EA669200EE8CCF /* OnboardingViewOne.swift in Sources */ = {isa = PBXBuildFile; fileRef = F1D9D8F527EA669200EE8CCF /* OnboardingViewOne.swift */; };
		F1D9D8F827EA6AEF00EE8CCF /* Modifiers.swift in Sources */ = {isa = PBXBuildFile; fileRef = F1D9D8F727EA6AEE00EE8CCF /* Modifiers.swift */; };
		F1D9D8FB27EA6E2200EE8CCF /* OnboardingViewTwo.swift in Sources */ = {isa = PBXBuildFile; fileRef = F1D9D8FA27EA6E2200EE8CCF /* OnboardingViewTwo.swift */; };
		F1D9D8FD27EA6E3400EE8CCF /* OnboardingViewThree.swift in Sources */ = {isa = PBXBuildFile; fileRef = F1D9D8FC27EA6E3400EE8CCF /* OnboardingViewThree.swift */; };
		F1D9D8FF27EA74F000EE8CCF /* ChooseCityScreen.swift in Sources */ = {isa = PBXBuildFile; fileRef = F1D9D8FE27EA74F000EE8CCF /* ChooseCityScreen.swift */; };
/* End PBXBuildFile section */

/* Begin PBXFileReference section */
		F172313C27ED21CD005ABEC6 /* SearchBar.swift */ = {isa = PBXFileReference; lastKnownFileType = sourcecode.swift; path = SearchBar.swift; sourceTree = "<group>"; };
		F1815B5D27EFAAE6001466B2 /* CalendarWeekView.swift */ = {isa = PBXFileReference; lastKnownFileType = sourcecode.swift; path = CalendarWeekView.swift; sourceTree = "<group>"; };
		F1815B5F27EFB5B9001466B2 /* ItinerayView.swift */ = {isa = PBXFileReference; lastKnownFileType = sourcecode.swift; path = ItinerayView.swift; sourceTree = "<group>"; };
		F1883A5127F0C0A700A23CE9 /* MapViewModel.swift */ = {isa = PBXFileReference; lastKnownFileType = sourcecode.swift; path = MapViewModel.swift; sourceTree = "<group>"; };
		F1A37D9A27EE64500013C53D /* ItineraryScreen.swift */ = {isa = PBXFileReference; lastKnownFileType = sourcecode.swift; path = ItineraryScreen.swift; sourceTree = "<group>"; };
		F1A37D9C27EE64830013C53D /* MapScreen.swift */ = {isa = PBXFileReference; lastKnownFileType = sourcecode.swift; path = MapScreen.swift; sourceTree = "<group>"; };
		F1A37D9E27EE64C80013C53D /* FavoriteScreen.swift */ = {isa = PBXFileReference; lastKnownFileType = sourcecode.swift; path = FavoriteScreen.swift; sourceTree = "<group>"; };
		F1A990BF27EF79290015F795 /* StoryView.swift */ = {isa = PBXFileReference; lastKnownFileType = sourcecode.swift; path = StoryView.swift; sourceTree = "<group>"; };
		F1A990C127EF8A2C0015F795 /* CardPopularView.swift */ = {isa = PBXFileReference; lastKnownFileType = sourcecode.swift; path = CardPopularView.swift; sourceTree = "<group>"; };
		F1BB06BD27E90E3400354182 /* ReLocal.app */ = {isa = PBXFileReference; explicitFileType = wrapper.application; includeInIndex = 0; path = ReLocal.app; sourceTree = BUILT_PRODUCTS_DIR; };
		F1BB06C027E90E3400354182 /* ReLocalApp.swift */ = {isa = PBXFileReference; lastKnownFileType = sourcecode.swift; path = ReLocalApp.swift; sourceTree = "<group>"; };
		F1BB06C427E90E3700354182 /* Assets.xcassets */ = {isa = PBXFileReference; lastKnownFileType = folder.assetcatalog; path = Assets.xcassets; sourceTree = "<group>"; };
		F1BB06C727E90E3700354182 /* Preview Assets.xcassets */ = {isa = PBXFileReference; lastKnownFileType = folder.assetcatalog; path = "Preview Assets.xcassets"; sourceTree = "<group>"; };
		F1BB06D127E91A6700354182 /* SplashScreen.swift */ = {isa = PBXFileReference; lastKnownFileType = sourcecode.swift; path = SplashScreen.swift; sourceTree = "<group>"; };
		F1BB06D327E9215B00354182 /* MainTabView.swift */ = {isa = PBXFileReference; lastKnownFileType = sourcecode.swift; path = MainTabView.swift; sourceTree = "<group>"; };
		F1BB06D527E9219E00354182 /* Info.plist */ = {isa = PBXFileReference; lastKnownFileType = text.plist; path = Info.plist; sourceTree = "<group>"; };
		F1BB06D827E9243100354182 /* HomeView.swift */ = {isa = PBXFileReference; lastKnownFileType = sourcecode.swift; path = HomeView.swift; sourceTree = "<group>"; };
		F1D9D8F327EA666900EE8CCF /* OnboardScreen.swift */ = {isa = PBXFileReference; lastKnownFileType = sourcecode.swift; path = OnboardScreen.swift; sourceTree = "<group>"; };
		F1D9D8F527EA669200EE8CCF /* OnboardingViewOne.swift */ = {isa = PBXFileReference; lastKnownFileType = sourcecode.swift; path = OnboardingViewOne.swift; sourceTree = "<group>"; };
		F1D9D8F727EA6AEE00EE8CCF /* Modifiers.swift */ = {isa = PBXFileReference; lastKnownFileType = sourcecode.swift; path = Modifiers.swift; sourceTree = "<group>"; };
		F1D9D8FA27EA6E2200EE8CCF /* OnboardingViewTwo.swift */ = {isa = PBXFileReference; lastKnownFileType = sourcecode.swift; path = OnboardingViewTwo.swift; sourceTree = "<group>"; };
		F1D9D8FC27EA6E3400EE8CCF /* OnboardingViewThree.swift */ = {isa = PBXFileReference; lastKnownFileType = sourcecode.swift; path = OnboardingViewThree.swift; sourceTree = "<group>"; };
		F1D9D8FE27EA74F000EE8CCF /* ChooseCityScreen.swift */ = {isa = PBXFileReference; lastKnownFileType = sourcecode.swift; path = ChooseCityScreen.swift; sourceTree = "<group>"; };
/* End PBXFileReference section */

/* Begin PBXFrameworksBuildPhase section */
		F1BB06BA27E90E3400354182 /* Frameworks */ = {
			isa = PBXFrameworksBuildPhase;
			buildActionMask = 2147483647;
			files = (
			);
			runOnlyForDeploymentPostprocessing = 0;
		};
/* End PBXFrameworksBuildPhase section */

/* Begin PBXGroup section */
		F1883A5327F0DA7700A23CE9 /* ViewModels */ = {
			isa = PBXGroup;
			children = (
				F1815B5D27EFAAE6001466B2 /* CalendarWeekView.swift */,
				F1883A5127F0C0A700A23CE9 /* MapViewModel.swift */,
			);
			path = ViewModels;
			sourceTree = "<group>";
		};
		F1BB06B427E90E3400354182 = {
			isa = PBXGroup;
			children = (
				F1BB06BF27E90E3400354182 /* ReLocal */,
				F1BB06BE27E90E3400354182 /* Products */,
			);
			sourceTree = "<group>";
		};
		F1BB06BE27E90E3400354182 /* Products */ = {
			isa = PBXGroup;
			children = (
				F1BB06BD27E90E3400354182 /* ReLocal.app */,
			);
			name = Products;
			sourceTree = "<group>";
		};
		F1BB06BF27E90E3400354182 /* ReLocal */ = {
			isa = PBXGroup;
			children = (
				F1BB06D527E9219E00354182 /* Info.plist */,
				F1BB06D027E91A5600354182 /* Views */,
				F1883A5327F0DA7700A23CE9 /* ViewModels */,
				F1BB06C027E90E3400354182 /* ReLocalApp.swift */,
				F1BB06C427E90E3700354182 /* Assets.xcassets */,
				F1BB06C627E90E3700354182 /* Preview Content */,
			);
			path = ReLocal;
			sourceTree = "<group>";
		};
		F1BB06C627E90E3700354182 /* Preview Content */ = {
			isa = PBXGroup;
			children = (
				F1BB06C727E90E3700354182 /* Preview Assets.xcassets */,
			);
			path = "Preview Content";
			sourceTree = "<group>";
		};
		F1BB06D027E91A5600354182 /* Views */ = {
			isa = PBXGroup;
			children = (
				F1BB06D727E9240D00354182 /* SubViews */,
				F1BB06D627E9240700354182 /* Screens */,
				F1D9D8F927EA6AF400EE8CCF /* Utils */,
			);
			path = Views;
			sourceTree = "<group>";
		};
		F1BB06D627E9240700354182 /* Screens */ = {
			isa = PBXGroup;
			children = (
				F1BB06D127E91A6700354182 /* SplashScreen.swift */,
				F1BB06D327E9215B00354182 /* MainTabView.swift */,
				F1BB06D827E9243100354182 /* HomeView.swift */,
				F1D9D8F327EA666900EE8CCF /* OnboardScreen.swift */,
				F1D9D8FE27EA74F000EE8CCF /* ChooseCityScreen.swift */,
				F1A37D9A27EE64500013C53D /* ItineraryScreen.swift */,
				F1A37D9C27EE64830013C53D /* MapScreen.swift */,
				F1A37D9E27EE64C80013C53D /* FavoriteScreen.swift */,
			);
			path = Screens;
			sourceTree = "<group>";
		};
		F1BB06D727E9240D00354182 /* SubViews */ = {
			isa = PBXGroup;
			children = (
				F1D9D8F527EA669200EE8CCF /* OnboardingViewOne.swift */,
				F1D9D8FA27EA6E2200EE8CCF /* OnboardingViewTwo.swift */,
				F1D9D8FC27EA6E3400EE8CCF /* OnboardingViewThree.swift */,
				F172313C27ED21CD005ABEC6 /* SearchBar.swift */,
				F1A990BF27EF79290015F795 /* StoryView.swift */,
				F1A990C127EF8A2C0015F795 /* CardPopularView.swift */,
				F1815B5F27EFB5B9001466B2 /* ItinerayView.swift */,
			);
			path = SubViews;
			sourceTree = "<group>";
		};
		F1D9D8F927EA6AF400EE8CCF /* Utils */ = {
			isa = PBXGroup;
			children = (
				F1D9D8F727EA6AEE00EE8CCF /* Modifiers.swift */,
			);
			path = Utils;
			sourceTree = "<group>";
		};
/* End PBXGroup section */

/* Begin PBXNativeTarget section */
		F1BB06BC27E90E3400354182 /* ReLocal */ = {
			isa = PBXNativeTarget;
			buildConfigurationList = F1BB06CB27E90E3700354182 /* Build configuration list for PBXNativeTarget "ReLocal" */;
			buildPhases = (
				F1BB06B927E90E3400354182 /* Sources */,
				F1BB06BA27E90E3400354182 /* Frameworks */,
				F1BB06BB27E90E3400354182 /* Resources */,
			);
			buildRules = (
			);
			dependencies = (
			);
			name = ReLocal;
			productName = ReLocal;
			productReference = F1BB06BD27E90E3400354182 /* ReLocal.app */;
			productType = "com.apple.product-type.application";
		};
/* End PBXNativeTarget section */

/* Begin PBXProject section */
		F1BB06B527E90E3400354182 /* Project object */ = {
			isa = PBXProject;
			attributes = {
				BuildIndependentTargetsInParallel = 1;
				LastSwiftUpdateCheck = 1330;
				LastUpgradeCheck = 1330;
				TargetAttributes = {
					F1BB06BC27E90E3400354182 = {
						CreatedOnToolsVersion = 13.3;
					};
				};
			};
			buildConfigurationList = F1BB06B827E90E3400354182 /* Build configuration list for PBXProject "ReLocal" */;
			compatibilityVersion = "Xcode 13.0";
			developmentRegion = en;
			hasScannedForEncodings = 0;
			knownRegions = (
				en,
				Base,
			);
			mainGroup = F1BB06B427E90E3400354182;
			productRefGroup = F1BB06BE27E90E3400354182 /* Products */;
			projectDirPath = "";
			projectRoot = "";
			targets = (
				F1BB06BC27E90E3400354182 /* ReLocal */,
			);
		};
/* End PBXProject section */

/* Begin PBXResourcesBuildPhase section */
		F1BB06BB27E90E3400354182 /* Resources */ = {
			isa = PBXResourcesBuildPhase;
			buildActionMask = 2147483647;
			files = (
				F1BB06C827E90E3700354182 /* Preview Assets.xcassets in Resources */,
				F1BB06C527E90E3700354182 /* Assets.xcassets in Resources */,
			);
			runOnlyForDeploymentPostprocessing = 0;
		};
/* End PBXResourcesBuildPhase section */

/* Begin PBXSourcesBuildPhase section */
		F1BB06B927E90E3400354182 /* Sources */ = {
			isa = PBXSourcesBuildPhase;
			buildActionMask = 2147483647;
			files = (
				F1A990C027EF79290015F795 /* StoryView.swift in Sources */,
				F1BB06D227E91A6800354182 /* SplashScreen.swift in Sources */,
				F1A990C227EF8A2C0015F795 /* CardPopularView.swift in Sources */,
				F1815B6027EFB5B9001466B2 /* ItinerayView.swift in Sources */,
				F1BB06D927E9243100354182 /* HomeView.swift in Sources */,
				F1D9D8FD27EA6E3400EE8CCF /* OnboardingViewThree.swift in Sources */,
				F1A37D9D27EE64830013C53D /* MapScreen.swift in Sources */,
				F1D9D8FF27EA74F000EE8CCF /* ChooseCityScreen.swift in Sources */,
				F1D9D8FB27EA6E2200EE8CCF /* OnboardingViewTwo.swift in Sources */,
				F1D9D8F827EA6AEF00EE8CCF /* Modifiers.swift in Sources */,
				F1D9D8F427EA666900EE8CCF /* OnboardScreen.swift in Sources */,
				F1883A5227F0C0A700A23CE9 /* MapViewModel.swift in Sources */,
				F1D9D8F627EA669200EE8CCF /* OnboardingViewOne.swift in Sources */,
				F1A37D9B27EE64500013C53D /* ItineraryScreen.swift in Sources */,
				F1BB06D427E9215B00354182 /* MainTabView.swift in Sources */,
				F1A37D9F27EE64C80013C53D /* FavoriteScreen.swift in Sources */,
				F172313D27ED21CD005ABEC6 /* SearchBar.swift in Sources */,
				F1815B5E27EFAAE6001466B2 /* CalendarWeekView.swift in Sources */,
				F1BB06C127E90E3400354182 /* ReLocalApp.swift in Sources */,
			);
			runOnlyForDeploymentPostprocessing = 0;
		};
/* End PBXSourcesBuildPhase section */

/* Begin XCBuildConfiguration section */
		F1BB06C927E90E3700354182 /* Debug */ = {
			isa = XCBuildConfiguration;
			buildSettings = {
				ALWAYS_SEARCH_USER_PATHS = NO;
				CLANG_ANALYZER_NONNULL = YES;
				CLANG_ANALYZER_NUMBER_OBJECT_CONVERSION = YES_AGGRESSIVE;
				CLANG_CXX_LANGUAGE_STANDARD = "gnu++17";
				CLANG_ENABLE_MODULES = YES;
				CLANG_ENABLE_OBJC_ARC = YES;
				CLANG_ENABLE_OBJC_WEAK = YES;
				CLANG_WARN_BLOCK_CAPTURE_AUTORELEASING = YES;
				CLANG_WARN_BOOL_CONVERSION = YES;
				CLANG_WARN_COMMA = YES;
				CLANG_WARN_CONSTANT_CONVERSION = YES;
				CLANG_WARN_DEPRECATED_OBJC_IMPLEMENTATIONS = YES;
				CLANG_WARN_DIRECT_OBJC_ISA_USAGE = YES_ERROR;
				CLANG_WARN_DOCUMENTATION_COMMENTS = YES;
				CLANG_WARN_EMPTY_BODY = YES;
				CLANG_WARN_ENUM_CONVERSION = YES;
				CLANG_WARN_INFINITE_RECURSION = YES;
				CLANG_WARN_INT_CONVERSION = YES;
				CLANG_WARN_NON_LITERAL_NULL_CONVERSION = YES;
				CLANG_WARN_OBJC_IMPLICIT_RETAIN_SELF = YES;
				CLANG_WARN_OBJC_LITERAL_CONVERSION = YES;
				CLANG_WARN_OBJC_ROOT_CLASS = YES_ERROR;
				CLANG_WARN_QUOTED_INCLUDE_IN_FRAMEWORK_HEADER = YES;
				CLANG_WARN_RANGE_LOOP_ANALYSIS = YES;
				CLANG_WARN_STRICT_PROTOTYPES = YES;
				CLANG_WARN_SUSPICIOUS_MOVE = YES;
				CLANG_WARN_UNGUARDED_AVAILABILITY = YES_AGGRESSIVE;
				CLANG_WARN_UNREACHABLE_CODE = YES;
				CLANG_WARN__DUPLICATE_METHOD_MATCH = YES;
				COPY_PHASE_STRIP = NO;
				DEBUG_INFORMATION_FORMAT = dwarf;
				ENABLE_STRICT_OBJC_MSGSEND = YES;
				ENABLE_TESTABILITY = YES;
				GCC_C_LANGUAGE_STANDARD = gnu11;
				GCC_DYNAMIC_NO_PIC = NO;
				GCC_NO_COMMON_BLOCKS = YES;
				GCC_OPTIMIZATION_LEVEL = 0;
				GCC_PREPROCESSOR_DEFINITIONS = (
					"DEBUG=1",
					"$(inherited)",
				);
				GCC_WARN_64_TO_32_BIT_CONVERSION = YES;
				GCC_WARN_ABOUT_RETURN_TYPE = YES_ERROR;
				GCC_WARN_UNDECLARED_SELECTOR = YES;
				GCC_WARN_UNINITIALIZED_AUTOS = YES_AGGRESSIVE;
				GCC_WARN_UNUSED_FUNCTION = YES;
				GCC_WARN_UNUSED_VARIABLE = YES;
				IPHONEOS_DEPLOYMENT_TARGET = 15.4;
				MTL_ENABLE_DEBUG_INFO = INCLUDE_SOURCE;
				MTL_FAST_MATH = YES;
				ONLY_ACTIVE_ARCH = YES;
				SDKROOT = iphoneos;
				SWIFT_ACTIVE_COMPILATION_CONDITIONS = DEBUG;
				SWIFT_OPTIMIZATION_LEVEL = "-Onone";
			};
			name = Debug;
		};
		F1BB06CA27E90E3700354182 /* Release */ = {
			isa = XCBuildConfiguration;
			buildSettings = {
				ALWAYS_SEARCH_USER_PATHS = NO;
				CLANG_ANALYZER_NONNULL = YES;
				CLANG_ANALYZER_NUMBER_OBJECT_CONVERSION = YES_AGGRESSIVE;
				CLANG_CXX_LANGUAGE_STANDARD = "gnu++17";
				CLANG_ENABLE_MODULES = YES;
				CLANG_ENABLE_OBJC_ARC = YES;
				CLANG_ENABLE_OBJC_WEAK = YES;
				CLANG_WARN_BLOCK_CAPTURE_AUTORELEASING = YES;
				CLANG_WARN_BOOL_CONVERSION = YES;
				CLANG_WARN_COMMA = YES;
				CLANG_WARN_CONSTANT_CONVERSION = YES;
				CLANG_WARN_DEPRECATED_OBJC_IMPLEMENTATIONS = YES;
				CLANG_WARN_DIRECT_OBJC_ISA_USAGE = YES_ERROR;
				CLANG_WARN_DOCUMENTATION_COMMENTS = YES;
				CLANG_WARN_EMPTY_BODY = YES;
				CLANG_WARN_ENUM_CONVERSION = YES;
				CLANG_WARN_INFINITE_RECURSION = YES;
				CLANG_WARN_INT_CONVERSION = YES;
				CLANG_WARN_NON_LITERAL_NULL_CONVERSION = YES;
				CLANG_WARN_OBJC_IMPLICIT_RETAIN_SELF = YES;
				CLANG_WARN_OBJC_LITERAL_CONVERSION = YES;
				CLANG_WARN_OBJC_ROOT_CLASS = YES_ERROR;
				CLANG_WARN_QUOTED_INCLUDE_IN_FRAMEWORK_HEADER = YES;
				CLANG_WARN_RANGE_LOOP_ANALYSIS = YES;
				CLANG_WARN_STRICT_PROTOTYPES = YES;
				CLANG_WARN_SUSPICIOUS_MOVE = YES;
				CLANG_WARN_UNGUARDED_AVAILABILITY = YES_AGGRESSIVE;
				CLANG_WARN_UNREACHABLE_CODE = YES;
				CLANG_WARN__DUPLICATE_METHOD_MATCH = YES;
				COPY_PHASE_STRIP = NO;
				DEBUG_INFORMATION_FORMAT = "dwarf-with-dsym";
				ENABLE_NS_ASSERTIONS = NO;
				ENABLE_STRICT_OBJC_MSGSEND = YES;
				GCC_C_LANGUAGE_STANDARD = gnu11;
				GCC_NO_COMMON_BLOCKS = YES;
				GCC_WARN_64_TO_32_BIT_CONVERSION = YES;
				GCC_WARN_ABOUT_RETURN_TYPE = YES_ERROR;
				GCC_WARN_UNDECLARED_SELECTOR = YES;
				GCC_WARN_UNINITIALIZED_AUTOS = YES_AGGRESSIVE;
				GCC_WARN_UNUSED_FUNCTION = YES;
				GCC_WARN_UNUSED_VARIABLE = YES;
				IPHONEOS_DEPLOYMENT_TARGET = 15.4;
				MTL_ENABLE_DEBUG_INFO = NO;
				MTL_FAST_MATH = YES;
				SDKROOT = iphoneos;
				SWIFT_COMPILATION_MODE = wholemodule;
				SWIFT_OPTIMIZATION_LEVEL = "-O";
				VALIDATE_PRODUCT = YES;
			};
			name = Release;
		};
		F1BB06CC27E90E3700354182 /* Debug */ = {
			isa = XCBuildConfiguration;
			buildSettings = {
				ASSETCATALOG_COMPILER_APPICON_NAME = AppIcon;
				ASSETCATALOG_COMPILER_GLOBAL_ACCENT_COLOR_NAME = AccentColor;
				CODE_SIGN_STYLE = Automatic;
				CURRENT_PROJECT_VERSION = 1;
				DEVELOPMENT_ASSET_PATHS = "\"ReLocal/Preview Content\"";
				DEVELOPMENT_TEAM = R325UHD57A;
				ENABLE_PREVIEWS = YES;
				GENERATE_INFOPLIST_FILE = YES;
				INFOPLIST_FILE = ReLocal/Info.plist;
				INFOPLIST_KEY_NSLocationWhenInUseUsageDescription = "This app needs your location to show it on map";
				INFOPLIST_KEY_UIApplicationSceneManifest_Generation = YES;
				INFOPLIST_KEY_UIApplicationSupportsIndirectInputEvents = YES;
				INFOPLIST_KEY_UISupportedInterfaceOrientations_iPad = "UIInterfaceOrientationPortrait UIInterfaceOrientationPortraitUpsideDown UIInterfaceOrientationLandscapeLeft UIInterfaceOrientationLandscapeRight";
				INFOPLIST_KEY_UISupportedInterfaceOrientations_iPhone = "UIInterfaceOrientationPortrait UIInterfaceOrientationLandscapeLeft UIInterfaceOrientationLandscapeRight";
				LD_RUNPATH_SEARCH_PATHS = (
					"$(inherited)",
					"@executable_path/Frameworks",
				);
				MARKETING_VERSION = 1.0;
				PRODUCT_BUNDLE_IDENTIFIER = com.bersyte.ReLocal;
				PRODUCT_NAME = "$(TARGET_NAME)";
				SWIFT_EMIT_LOC_STRINGS = YES;
				SWIFT_VERSION = 5.0;
				TARGETED_DEVICE_FAMILY = "1,2";
			};
			name = Debug;
		};
		F1BB06CD27E90E3700354182 /* Release */ = {
			isa = XCBuildConfiguration;
			buildSettings = {
				ASSETCATALOG_COMPILER_APPICON_NAME = AppIcon;
				ASSETCATALOG_COMPILER_GLOBAL_ACCENT_COLOR_NAME = AccentColor;
				CODE_SIGN_STYLE = Automatic;
				CURRENT_PROJECT_VERSION = 1;
				DEVELOPMENT_ASSET_PATHS = "\"ReLocal/Preview Content\"";
				DEVELOPMENT_TEAM = R325UHD57A;
				ENABLE_PREVIEWS = YES;
				GENERATE_INFOPLIST_FILE = YES;
				INFOPLIST_FILE = ReLocal/Info.plist;
				INFOPLIST_KEY_NSLocationWhenInUseUsageDescription = "This app needs your location to show it on map";
				INFOPLIST_KEY_UIApplicationSceneManifest_Generation = YES;
				INFOPLIST_KEY_UIApplicationSupportsIndirectInputEvents = YES;
				INFOPLIST_KEY_UISupportedInterfaceOrientations_iPad = "UIInterfaceOrientationPortrait UIInterfaceOrientationPortraitUpsideDown UIInterfaceOrientationLandscapeLeft UIInterfaceOrientationLandscapeRight";
				INFOPLIST_KEY_UISupportedInterfaceOrientations_iPhone = "UIInterfaceOrientationPortrait UIInterfaceOrientationLandscapeLeft UIInterfaceOrientationLandscapeRight";
				LD_RUNPATH_SEARCH_PATHS = (
					"$(inherited)",
					"@executable_path/Frameworks",
				);
				MARKETING_VERSION = 1.0;
				PRODUCT_BUNDLE_IDENTIFIER = com.bersyte.ReLocal;
				PRODUCT_NAME = "$(TARGET_NAME)";
				SWIFT_EMIT_LOC_STRINGS = YES;
				SWIFT_VERSION = 5.0;
				TARGETED_DEVICE_FAMILY = "1,2";
			};
			name = Release;
		};
/* End XCBuildConfiguration section */

/* Begin XCConfigurationList section */
		F1BB06B827E90E3400354182 /* Build configuration list for PBXProject "ReLocal" */ = {
			isa = XCConfigurationList;
			buildConfigurations = (
				F1BB06C927E90E3700354182 /* Debug */,
				F1BB06CA27E90E3700354182 /* Release */,
			);
			defaultConfigurationIsVisible = 0;
			defaultConfigurationName = Release;
		};
		F1BB06CB27E90E3700354182 /* Build configuration list for PBXNativeTarget "ReLocal" */ = {
			isa = XCConfigurationList;
			buildConfigurations = (
				F1BB06CC27E90E3700354182 /* Debug */,
				F1BB06CD27E90E3700354182 /* Release */,
			);
			defaultConfigurationIsVisible = 0;
			defaultConfigurationName = Release;
		};
/* End XCConfigurationList section */
	};
	rootObject = F1BB06B527E90E3400354182 /* Project object */;
}
